<?xml version="1.0" encoding="utf-8"?>
<Project ToolsVersion="4.0" xmlns="http://schemas.microsoft.com/developer/msbuild/2003">
  <ItemGroup>
    <Filter Include="源文件">
      <UniqueIdentifier>{4FC737F1-C7A5-4376-A066-2A32D752A2FF}</UniqueIdentifier>
      <Extensions>cpp;c;cc;cxx;c++;cppm;ixx;def;odl;idl;hpj;bat;asm;asmx</Extensions>
    </Filter>
    <Filter Include="头文件">
      <UniqueIdentifier>{93995380-89BD-4b04-88EB-625FBE52EBFB}</UniqueIdentifier>
      <Extensions>h;hh;hpp;hxx;h++;hm;inl;inc;ipp;xsd</Extensions>
    </Filter>
    <Filter Include="资源文件">
      <UniqueIdentifier>{67DA6AB6-F800-4c08-8B7A-83BB121AAD01}</UniqueIdentifier>
      <Extensions>rc;ico;cur;bmp;dlg;rc2;rct;bin;rgs;gif;jpg;jpeg;jpe;resx;tiff;tif;png;wav;mfcribbon-ms</Extensions>
    </Filter>
    <Filter Include="资源文件\txt">
      <UniqueIdentifier>{2957ea87-2254-4f2f-910b-d5ca5de845dd}</UniqueIdentifier>
    </Filter>
  </ItemGroup>
  <ItemGroup>
    <ClCompile Include="usersModifyBalance.c">
      <Filter>资源文件</Filter>
    </ClCompile>
    <ClCompile Include="usersMatchPackage.c">
      <Filter>资源文件</Filter>
    </ClCompile>
    <ClCompile Include="usersMatchPackage.h">
      <Filter>头文件</Filter>
    </ClCompile>
    <ClCompile Include="main.c">
      <Filter>源文件</Filter>
    </ClCompile>
    <ClCompile Include="fileReadWrite.c">
      <Filter>资源文件</Filter>
    </ClCompile>
    <ClCompile Include="regis.c">
      <Filter>资源文件</Filter>
    </ClCompile>
    <ClCompile Include="changeCode.c">
      <Filter>资源文件</Filter>
    </ClCompile>
    <ClCompile Include="packageManage.c">
      <Filter>资源文件</Filter>
    </ClCompile>
    <ClCompile Include="userManage.c">
      <Filter>资源文件</Filter>
    </ClCompile>
    <ClCompile Include="Select.c">
      <Filter>资源文件</Filter>
    </ClCompile>
    <ClCompile Include="printMessage.c">
      <Filter>资源文件</Filter>
    </ClCompile>
    <ClCompile Include="login.c">
      <Filter>资源文件</Filter>
    </ClCompile>
  </ItemGroup>
  <ItemGroup>
    <ClInclude Include="usersModifyBalance.h">
      <Filter>头文件</Filter>
    </ClInclude>
    <ClInclude Include="struct.h">
      <Filter>头文件</Filter>
    </ClInclude>
    <ClInclude Include="login.h">
      <Filter>头文件</Filter>
    </ClInclude>
    <ClInclude Include="regis.h">
      <Filter>头文件</Filter>
    </ClInclude>
    <ClInclude Include="fileReadWrite.h">
      <Filter>头文件</Filter>
    </ClInclude>
    <ClInclude Include="changeCode.h">
      <Filter>头文件</Filter>
    </ClInclude>
    <ClInclude Include="packageManage.h">
      <Filter>头文件</Filter>
    </ClInclude>
    <ClInclude Include="userManage.h">
      <Filter>头文件</Filter>
    </ClInclude>
    <ClInclude Include="Select.h">
      <Filter>头文件</Filter>
    </ClInclude>
    <ClInclude Include="printMessage.h">
      <Filter>头文件</Filter>
    </ClInclude>
  </ItemGroup>
  <ItemGroup>
    <Text Include="ADM.txt">
      <Filter>资源文件\txt</Filter>
    </Text>
    <Text Include="USER.txt">
      <Filter>资源文件\txt</Filter>
    </Text>
    <Text Include="PKG.txt">
      <Filter>资源文件\txt</Filter>
    </Text>
  </ItemGroup>
</Project>